
Microsoft Visual Studio Solution File, Format Version 12.00
# Visual Studio Version 17
VisualStudioVersion = 17.2.32602.215
MinimumVisualStudioVersion = 10.0.40219.1
Project("{FAE04EC0-301F-11D3-BF4B-00C04F79EFBC}") = "HostelManagementSystem", "HostelManagementSystem\HostelManagementSystem.csproj", "{47B16C34-6265-43F1-8438-D653D7993649}"
EndProject
Global
	GlobalSection(SolutionConfigurationPlatforms) = preSolution
		Debug|Any CPU = Debug|Any CPU
		Release|Any CPU = Release|Any CPU
	EndGlobalSection
	GlobalSection(ProjectConfigurationPlatforms) = postSolution
		{47B16C34-6265-43F1-8438-D653D7993649}.Debug|Any CPU.ActiveCfg = Debug|Any CPU
		{47B16C34-6265-43F1-8438-D653D7993649}.Debug|Any CPU.Build.0 = Debug|Any CPU
		{47B16C34-6265-43F1-8438-D653D7993649}.Release|Any CPU.ActiveCfg = Release|Any CPU
		{47B16C34-6265-43F1-8438-D653D7993649}.Release|Any CPU.Build.0 = Release|Any CPU
	EndGlobalSection
	GlobalSection(SolutionProperties) = preSolution
		HideSolutionNode = FALSE
	EndGlobalSection
	GlobalSection(ExtensibilityGlobals) = postSolution
		SolutionGuid = {DC2C0DB6-5CF8-4DFB-A08D-D54094B8CF17}
	EndGlobalSection
EndGlobal
